
Microsoft Visual Studio Solution File, Format Version 12.00
# Visual Studio Version 17
VisualStudioVersion = 17.10.35122.118
MinimumVisualStudioVersion = 10.0.40219.1
Project("{FAE04EC0-301F-11D3-BF4B-00C04F79EFBC}") = "AppShowDoMilhao", "AppShowDoMilhao.csproj", "{45F475FD-0745-48AE-BA1E-738A95816667}"
EndProject
Global
	GlobalSection(SolutionConfigurationPlatforms) = preSolution
		Debug|Any CPU = Debug|Any CPU
		Release|Any CPU = Release|Any CPU
	EndGlobalSection
	GlobalSection(ProjectConfigurationPlatforms) = postSolution
		{45F475FD-0745-48AE-BA1E-738A95816667}.Debug|Any CPU.ActiveCfg = Debug|Any CPU
		{45F475FD-0745-48AE-BA1E-738A95816667}.Debug|Any CPU.Build.0 = Debug|Any CPU
		{45F475FD-0745-48AE-BA1E-738A95816667}.Release|Any CPU.ActiveCfg = Release|Any CPU
		{45F475FD-0745-48AE-BA1E-738A95816667}.Release|Any CPU.Build.0 = Release|Any CPU
	EndGlobalSection
	GlobalSection(SolutionProperties) = preSolution
		HideSolutionNode = FALSE
	EndGlobalSection
	GlobalSection(ExtensibilityGlobals) = postSolution
		SolutionGuid = {53AEB570-4E6A-4742-825B-16E36C7C3DB5}
	EndGlobalSection
EndGlobal
